
Microsoft Visual Studio Solution File, Format Version 12.00
# Visual Studio Version 17
VisualStudioVersion = 17.6.33801.468
MinimumVisualStudioVersion = 10.0.40219.1
Project("{FAE04EC0-301F-11D3-BF4B-00C04F79EFBC}") = "Hometask", "Hometask\Hometask.csproj", "{14D1B7DB-6A44-4FCB-83E4-0D3CD8F435B1}"
EndProject
Global
	GlobalSection(SolutionConfigurationPlatforms) = preSolution
		Debug|Any CPU = Debug|Any CPU
		Release|Any CPU = Release|Any CPU
	EndGlobalSection
	GlobalSection(ProjectConfigurationPlatforms) = postSolution
		{14D1B7DB-6A44-4FCB-83E4-0D3CD8F435B1}.Debug|Any CPU.ActiveCfg = Debug|Any CPU
		{14D1B7DB-6A44-4FCB-83E4-0D3CD8F435B1}.Debug|Any CPU.Build.0 = Debug|Any CPU
		{14D1B7DB-6A44-4FCB-83E4-0D3CD8F435B1}.Release|Any CPU.ActiveCfg = Release|Any CPU
		{14D1B7DB-6A44-4FCB-83E4-0D3CD8F435B1}.Release|Any CPU.Build.0 = Release|Any CPU
	EndGlobalSection
	GlobalSection(SolutionProperties) = preSolution
		HideSolutionNode = FALSE
	EndGlobalSection
	GlobalSection(ExtensibilityGlobals) = postSolution
		SolutionGuid = {01C950DA-75BD-402B-8BE8-07E5F2FC0E2B}
	EndGlobalSection
EndGlobal
